// !$*UTF8*$!
{
	archiveVersion = 1;
	classes = {
	};
	objectVersion = 46;
	objects = {

/* Begin PBXBuildFile section */
		1574C564166CBCDC0056268D /* UIKit.framework in Frameworks */ = {isa = PBXBuildFile; fileRef = 1574C563166CBCDC0056268D /* UIKit.framework */; };
		1574C566166CBCDC0056268D /* Foundation.framework in Frameworks */ = {isa = PBXBuildFile; fileRef = 1574C565166CBCDC0056268D /* Foundation.framework */; };
		1574C568166CBCDC0056268D /* CoreGraphics.framework in Frameworks */ = {isa = PBXBuildFile; fileRef = 1574C567166CBCDC0056268D /* CoreGraphics.framework */; };
		1574C58C166CCB380056268D /* EventKit.framework in Frameworks */ = {isa = PBXBuildFile; fileRef = 1574C58B166CCB380056268D /* EventKit.framework */; };
		1574C5C9166CE8350056268D /* STMEventKitWrapper.m in Sources */ = {isa = PBXBuildFile; fileRef = 1574C5C8166CE8350056268D /* STMEventKitWrapper.m */; };
		1574C5CD166CE83F0056268D /* STMEvent.m in Sources */ = {isa = PBXBuildFile; fileRef = 1574C5CC166CE83F0056268D /* STMEvent.m */; };
		1574C5D0166CE8460056268D /* STMAppDelegate.m in Sources */ = {isa = PBXBuildFile; fileRef = 1574C5CF166CE8460056268D /* STMAppDelegate.m */; };
		1574C5D3166CE84D0056268D /* STMViewController.m in Sources */ = {isa = PBXBuildFile; fileRef = 1574C5D2166CE84D0056268D /* STMViewController.m */; };
		1574C5D6166CE8560056268D /* STMViewController.xib in Resources */ = {isa = PBXBuildFile; fileRef = 1574C5D4166CE8560056268D /* STMViewController.xib */; };
		1574C5DB166CE86F0056268D /* InfoPlist.strings in Resources */ = {isa = PBXBuildFile; fileRef = 1574C5D9166CE86F0056268D /* InfoPlist.strings */; };
		1574C5DD166CE8770056268D /* main.m in Sources */ = {isa = PBXBuildFile; fileRef = 1574C5DC166CE8770056268D /* main.m */; };
		1574C5E1166CE87D0056268D /* Default-568h@2x.png in Resources */ = {isa = PBXBuildFile; fileRef = 1574C5DE166CE87D0056268D /* Default-568h@2x.png */; };
		1574C5E2166CE87D0056268D /* Default.png in Resources */ = {isa = PBXBuildFile; fileRef = 1574C5DF166CE87D0056268D /* Default.png */; };
		1574C5E3166CE87D0056268D /* Default@2x.png in Resources */ = {isa = PBXBuildFile; fileRef = 1574C5E0166CE87D0056268D /* Default@2x.png */; };
/* End PBXBuildFile section */

/* Begin PBXFileReference section */
		1574C55F166CBCDC0056268D /* EventKitExample.app */ = {isa = PBXFileReference; explicitFileType = wrapper.application; includeInIndex = 0; path = EventKitExample.app; sourceTree = BUILT_PRODUCTS_DIR; };
		1574C563166CBCDC0056268D /* UIKit.framework */ = {isa = PBXFileReference; lastKnownFileType = wrapper.framework; name = UIKit.framework; path = System/Library/Frameworks/UIKit.framework; sourceTree = SDKROOT; };
		1574C565166CBCDC0056268D /* Foundation.framework */ = {isa = PBXFileReference; lastKnownFileType = wrapper.framework; name = Foundation.framework; path = System/Library/Frameworks/Foundation.framework; sourceTree = SDKROOT; };
		1574C567166CBCDC0056268D /* CoreGraphics.framework */ = {isa = PBXFileReference; lastKnownFileType = wrapper.framework; name = CoreGraphics.framework; path = System/Library/Frameworks/CoreGraphics.framework; sourceTree = SDKROOT; };
		1574C58B166CCB380056268D /* EventKit.framework */ = {isa = PBXFileReference; lastKnownFileType = wrapper.framework; name = EventKit.framework; path = System/Library/Frameworks/EventKit.framework; sourceTree = SDKROOT; };
		1574C5C7166CE8350056268D /* STMEventKitWrapper.h */ = {isa = PBXFileReference; fileEncoding = 4; lastKnownFileType = sourcecode.c.h; name = STMEventKitWrapper.h; path = EventKitExample/STMEventKitWrapper.h; sourceTree = SOURCE_ROOT; };
		1574C5C8166CE8350056268D /* STMEventKitWrapper.m */ = {isa = PBXFileReference; fileEncoding = 4; lastKnownFileType = sourcecode.c.objc; name = STMEventKitWrapper.m; path = EventKitExample/STMEventKitWrapper.m; sourceTree = SOURCE_ROOT; };
		1574C5CB166CE83F0056268D /* STMEvent.h */ = {isa = PBXFileReference; fileEncoding = 4; lastKnownFileType = sourcecode.c.h; name = STMEvent.h; path = EventKitExample/STMEvent.h; sourceTree = SOURCE_ROOT; };
		1574C5CC166CE83F0056268D /* STMEvent.m */ = {isa = PBXFileReference; fileEncoding = 4; lastKnownFileType = sourcecode.c.objc; name = STMEvent.m; path = EventKitExample/STMEvent.m; sourceTree = SOURCE_ROOT; };
		1574C5CE166CE8460056268D /* STMAppDelegate.h */ = {isa = PBXFileReference; fileEncoding = 4; lastKnownFileType = sourcecode.c.h; name = STMAppDelegate.h; path = EventKitExample/STMAppDelegate.h; sourceTree = SOURCE_ROOT; };
		1574C5CF166CE8460056268D /* STMAppDelegate.m */ = {isa = PBXFileReference; fileEncoding = 4; lastKnownFileType = sourcecode.c.objc; name = STMAppDelegate.m; path = EventKitExample/STMAppDelegate.m; sourceTree = SOURCE_ROOT; };
		1574C5D1166CE84D0056268D /* STMViewController.h */ = {isa = PBXFileReference; fileEncoding = 4; lastKnownFileType = sourcecode.c.h; name = STMViewController.h; path = EventKitExample/STMViewController.h; sourceTree = SOURCE_ROOT; };
		1574C5D2166CE84D0056268D /* STMViewController.m */ = {isa = PBXFileReference; fileEncoding = 4; lastKnownFileType = sourcecode.c.objc; name = STMViewController.m; path = EventKitExample/STMViewController.m; sourceTree = SOURCE_ROOT; };
		1574C5D5166CE8560056268D /* en */ = {isa = PBXFileReference; lastKnownFileType = file.xib; name = en; path = EventKitExample/en.lproj/STMViewController.xib; sourceTree = SOURCE_ROOT; };
		1574C5D7166CE85E0056268D /* EventKitExample-Info.plist */ = {isa = PBXFileReference; lastKnownFileType = text.plist.xml; name = "EventKitExample-Info.plist"; path = "EventKitExample/EventKitExample-Info.plist"; sourceTree = SOURCE_ROOT; };
		1574C5DA166CE86F0056268D /* en */ = {isa = PBXFileReference; lastKnownFileType = text.plist.strings; name = en; path = EventKitExample/en.lproj/InfoPlist.strings; sourceTree = SOURCE_ROOT; };
		1574C5DC166CE8770056268D /* main.m */ = {isa = PBXFileReference; fileEncoding = 4; lastKnownFileType = sourcecode.c.objc; name = main.m; path = EventKitExample/main.m; sourceTree = SOURCE_ROOT; };
		1574C5DE166CE87D0056268D /* Default-568h@2x.png */ = {isa = PBXFileReference; lastKnownFileType = image.png; name = "Default-568h@2x.png"; path = "EventKitExample/Default-568h@2x.png"; sourceTree = SOURCE_ROOT; };
		1574C5DF166CE87D0056268D /* Default.png */ = {isa = PBXFileReference; lastKnownFileType = image.png; name = Default.png; path = EventKitExample/Default.png; sourceTree = SOURCE_ROOT; };
		1574C5E0166CE87D0056268D /* Default@2x.png */ = {isa = PBXFileReference; lastKnownFileType = image.png; name = "Default@2x.png"; path = "EventKitExample/Default@2x.png"; sourceTree = SOURCE_ROOT; };
		1574C5E4166CE8830056268D /* EventKitExample-Prefix.pch */ = {isa = PBXFileReference; lastKnownFileType = sourcecode.c.h; name = "EventKitExample-Prefix.pch"; path = "EventKitExample/EventKitExample-Prefix.pch"; sourceTree = SOURCE_ROOT; };
/* End PBXFileReference section */

/* Begin PBXFrameworksBuildPhase section */
		1574C55C166CBCDC0056268D /* Frameworks */ = {
			isa = PBXFrameworksBuildPhase;
			buildActionMask = 2147483647;
			files = (
				1574C58C166CCB380056268D /* EventKit.framework in Frameworks */,
				1574C564166CBCDC0056268D /* UIKit.framework in Frameworks */,
				1574C566166CBCDC0056268D /* Foundation.framework in Frameworks */,
				1574C568166CBCDC0056268D /* CoreGraphics.framework in Frameworks */,
			);
			runOnlyForDeploymentPostprocessing = 0;
		};
/* End PBXFrameworksBuildPhase section */

/* Begin PBXGroup section */
		1574C554166CBCDC0056268D = {
			isa = PBXGroup;
			children = (
				1574C569166CBCDC0056268D /* EventKitExample */,
				1574C562166CBCDC0056268D /* Frameworks */,
				1574C560166CBCDC0056268D /* Products */,
			);
			sourceTree = "<group>";
		};
		1574C560166CBCDC0056268D /* Products */ = {
			isa = PBXGroup;
			children = (
				1574C55F166CBCDC0056268D /* EventKitExample.app */,
			);
			name = Products;
			sourceTree = "<group>";
		};
		1574C562166CBCDC0056268D /* Frameworks */ = {
			isa = PBXGroup;
			children = (
				1574C58B166CCB380056268D /* EventKit.framework */,
				1574C563166CBCDC0056268D /* UIKit.framework */,
				1574C565166CBCDC0056268D /* Foundation.framework */,
				1574C567166CBCDC0056268D /* CoreGraphics.framework */,
			);
			name = Frameworks;
			sourceTree = "<group>";
		};
		1574C569166CBCDC0056268D /* EventKitExample */ = {
			isa = PBXGroup;
			children = (
				1574C5CE166CE8460056268D /* STMAppDelegate.h */,
				1574C5CF166CE8460056268D /* STMAppDelegate.m */,
				1574C5D1166CE84D0056268D /* STMViewController.h */,
				1574C5D2166CE84D0056268D /* STMViewController.m */,
				1574C5D4166CE8560056268D /* STMViewController.xib */,
				1574C56A166CBCDD0056268D /* Supporting Files */,
				1574C5C7166CE8350056268D /* STMEventKitWrapper.h */,
				1574C5C8166CE8350056268D /* STMEventKitWrapper.m */,
				1574C5CB166CE83F0056268D /* STMEvent.h */,
				1574C5CC166CE83F0056268D /* STMEvent.m */,
			);
			name = EventKitExample;
			path = LocalNotificationsWrapperExample;
			sourceTree = "<group>";
		};
		1574C56A166CBCDD0056268D /* Supporting Files */ = {
			isa = PBXGroup;
			children = (
				1574C5E4166CE8830056268D /* EventKitExample-Prefix.pch */,
				1574C5D7166CE85E0056268D /* EventKitExample-Info.plist */,
				1574C5D9166CE86F0056268D /* InfoPlist.strings */,
				1574C5DC166CE8770056268D /* main.m */,
				1574C5DE166CE87D0056268D /* Default-568h@2x.png */,
				1574C5DF166CE87D0056268D /* Default.png */,
				1574C5E0166CE87D0056268D /* Default@2x.png */,
			);
			name = "Supporting Files";
			sourceTree = "<group>";
		};
/* End PBXGroup section */

/* Begin PBXNativeTarget section */
		1574C55E166CBCDC0056268D /* EventKitExample */ = {
			isa = PBXNativeTarget;
			buildConfigurationList = 1574C583166CBCDD0056268D /* Build configuration list for PBXNativeTarget "EventKitExample" */;
			buildPhases = (
				1574C55B166CBCDC0056268D /* Sources */,
				1574C55C166CBCDC0056268D /* Frameworks */,
				1574C55D166CBCDC0056268D /* Resources */,
			);
			buildRules = (
			);
			dependencies = (
			);
			name = EventKitExample;
			productName = LocalNotificationsWrapperExample;
			productReference = 1574C55F166CBCDC0056268D /* EventKitExample.app */;
			productType = "com.apple.product-type.application";
		};
/* End PBXNativeTarget section */

/* Begin PBXProject section */
		1574C556166CBCDC0056268D /* Project object */ = {
			isa = PBXProject;
			attributes = {
				CLASSPREFIX = STM;
				LastUpgradeCheck = 0450;
				ORGANIZATIONNAME = steamshift;
			};
			buildConfigurationList = 1574C559166CBCDC0056268D /* Build configuration list for PBXProject "EventKitExample" */;
			compatibilityVersion = "Xcode 3.2";
			developmentRegion = English;
			hasScannedForEncodings = 0;
			knownRegions = (
				en,
			);
			mainGroup = 1574C554166CBCDC0056268D;
			productRefGroup = 1574C560166CBCDC0056268D /* Products */;
			projectDirPath = "";
			projectRoot = "";
			targets = (
				1574C55E166CBCDC0056268D /* EventKitExample */,
			);
		};
/* End PBXProject section */

/* Begin PBXResourcesBuildPhase section */
		1574C55D166CBCDC0056268D /* Resources */ = {
			isa = PBXResourcesBuildPhase;
			buildActionMask = 2147483647;
			files = (
				1574C5D6166CE8560056268D /* STMViewController.xib in Resources */,
				1574C5DB166CE86F0056268D /* InfoPlist.strings in Resources */,
				1574C5E1166CE87D0056268D /* Default-568h@2x.png in Resources */,
				1574C5E2166CE87D0056268D /* Default.png in Resources */,
				1574C5E3166CE87D0056268D /* Default@2x.png in Resources */,
			);
			runOnlyForDeploymentPostprocessing = 0;
		};
/* End PBXResourcesBuildPhase section */

/* Begin PBXSourcesBuildPhase section */
		1574C55B166CBCDC0056268D /* Sources */ = {
			isa = PBXSourcesBuildPhase;
			buildActionMask = 2147483647;
			files = (
				1574C5C9166CE8350056268D /* STMEventKitWrapper.m in Sources */,
				1574C5CD166CE83F0056268D /* STMEvent.m in Sources */,
				1574C5D0166CE8460056268D /* STMAppDelegate.m in Sources */,
				1574C5D3166CE84D0056268D /* STMViewController.m in Sources */,
				1574C5DD166CE8770056268D /* main.m in Sources */,
			);
			runOnlyForDeploymentPostprocessing = 0;
		};
/* End PBXSourcesBuildPhase section */

/* Begin PBXVariantGroup section */
		1574C5D4166CE8560056268D /* STMViewController.xib */ = {
			isa = PBXVariantGroup;
			children = (
				1574C5D5166CE8560056268D /* en */,
			);
			name = STMViewController.xib;
			sourceTree = "<group>";
		};
		1574C5D9166CE86F0056268D /* InfoPlist.strings */ = {
			isa = PBXVariantGroup;
			children = (
				1574C5DA166CE86F0056268D /* en */,
			);
			name = InfoPlist.strings;
			sourceTree = "<group>";
		};
/* End PBXVariantGroup section */

/* Begin XCBuildConfiguration section */
		1574C581166CBCDD0056268D /* Debug */ = {
			isa = XCBuildConfiguration;
			buildSettings = {
				ALWAYS_SEARCH_USER_PATHS = NO;
				CLANG_CXX_LANGUAGE_STANDARD = "gnu++0x";
				CLANG_CXX_LIBRARY = "libc++";
				CLANG_ENABLE_OBJC_ARC = YES;
				CLANG_WARN_EMPTY_BODY = YES;
				CLANG_WARN__DUPLICATE_METHOD_MATCH = YES;
				"CODE_SIGN_IDENTITY[sdk=iphoneos*]" = "iPhone Developer";
				COPY_PHASE_STRIP = NO;
				GCC_C_LANGUAGE_STANDARD = gnu99;
				GCC_DYNAMIC_NO_PIC = NO;
				GCC_OPTIMIZATION_LEVEL = 0;
				GCC_PREPROCESSOR_DEFINITIONS = (
					"DEBUG=1",
					"$(inherited)",
				);
				GCC_SYMBOLS_PRIVATE_EXTERN = NO;
				GCC_WARN_ABOUT_RETURN_TYPE = YES;
				GCC_WARN_UNINITIALIZED_AUTOS = YES;
				GCC_WARN_UNUSED_VARIABLE = YES;
				IPHONEOS_DEPLOYMENT_TARGET = 6.0;
				ONLY_ACTIVE_ARCH = YES;
				SDKROOT = iphoneos;
			};
			name = Debug;
		};
		1574C582166CBCDD0056268D /* Release */ = {
			isa = XCBuildConfiguration;
			buildSettings = {
				ALWAYS_SEARCH_USER_PATHS = NO;
				CLANG_CXX_LANGUAGE_STANDARD = "gnu++0x";
				CLANG_CXX_LIBRARY = "libc++";
				CLANG_ENABLE_OBJC_ARC = YES;
				CLANG_WARN_EMPTY_BODY = YES;
				CLANG_WARN__DUPLICATE_METHOD_MATCH = YES;
				"CODE_SIGN_IDENTITY[sdk=iphoneos*]" = "iPhone Developer";
				COPY_PHASE_STRIP = YES;
				GCC_C_LANGUAGE_STANDARD = gnu99;
				GCC_WARN_ABOUT_RETURN_TYPE = YES;
				GCC_WARN_UNINITIALIZED_AUTOS = YES;
				GCC_WARN_UNUSED_VARIABLE = YES;
				IPHONEOS_DEPLOYMENT_TARGET = 6.0;
				OTHER_CFLAGS = "-DNS_BLOCK_ASSERTIONS=1";
				SDKROOT = iphoneos;
				VALIDATE_PRODUCT = YES;
			};
			name = Release;
		};
		1574C584166CBCDD0056268D /* Debug */ = {
			isa = XCBuildConfiguration;
			buildSettings = {
				GCC_PRECOMPILE_PREFIX_HEADER = YES;
				GCC_PREFIX_HEADER = "EventKitExample/EventKitExample-Prefix.pch";
				INFOPLIST_FILE = "EventKitExample/EventKitExample-Info.plist";
				PRODUCT_NAME = EventKitExample;
				WRAPPER_EXTENSION = app;
			};
			name = Debug;
		};
		1574C585166CBCDD0056268D /* Release */ = {
			isa = XCBuildConfiguration;
			buildSettings = {
				GCC_PRECOMPILE_PREFIX_HEADER = YES;
				GCC_PREFIX_HEADER = "EventKitExample/EventKitExample-Prefix.pch";
				INFOPLIST_FILE = "EventKitExample/EventKitExample-Info.plist";
				PRODUCT_NAME = EventKitExample;
				WRAPPER_EXTENSION = app;
			};
			name = Release;
		};
/* End XCBuildConfiguration section */

/* Begin XCConfigurationList section */
		1574C559166CBCDC0056268D /* Build configuration list for PBXProject "EventKitExample" */ = {
			isa = XCConfigurationList;
			buildConfigurations = (
				1574C581166CBCDD0056268D /* Debug */,
				1574C582166CBCDD0056268D /* Release */,
			);
			defaultConfigurationIsVisible = 0;
			defaultConfigurationName = Release;
		};
		1574C583166CBCDD0056268D /* Build configuration list for PBXNativeTarget "EventKitExample" */ = {
			isa = XCConfigurationList;
			buildConfigurations = (
				1574C584166CBCDD0056268D /* Debug */,
				1574C585166CBCDD0056268D /* Release */,
			);
			defaultConfigurationIsVisible = 0;
			defaultConfigurationName = Release;
		};
/* End XCConfigurationList section */
	};
	rootObject = 1574C556166CBCDC0056268D /* Project object */;
}
